
Microsoft Visual Studio Solution File, Format Version 12.00
# Visual Studio Version 17
VisualStudioVersion = 17.14.37516.0 d17.14
MinimumVisualStudioVersion = 10.0.40219.1
Project("{FAE04EC0-301F-11D3-BF4B-00C04F79EFBC}") = "05day", "05day.csproj", "{0ED1BA7A-2A9A-4C3D-9BA6-301F887F8153}"
EndProject
Global
	GlobalSection(SolutionConfigurationPlatforms) = preSolution
		Debug|Any CPU = Debug|Any CPU
		Release|Any CPU = Release|Any CPU
	EndGlobalSection
	GlobalSection(ProjectConfigurationPlatforms) = postSolution
		{0ED1BA7A-2A9A-4C3D-9BA6-301F887F8153}.Debug|Any CPU.ActiveCfg = Debug|Any CPU
		{0ED1BA7A-2A9A-4C3D-9BA6-301F887F8153}.Debug|Any CPU.Build.0 = Debug|Any CPU
		{0ED1BA7A-2A9A-4C3D-9BA6-301F887F8153}.Release|Any CPU.ActiveCfg = Release|Any CPU
		{0ED1BA7A-2A9A-4C3D-9BA6-301F887F8153}.Release|Any CPU.Build.0 = Release|Any CPU
	EndGlobalSection
	GlobalSection(SolutionProperties) = preSolution
		HideSolutionNode = FALSE
	EndGlobalSection
	GlobalSection(ExtensibilityGlobals) = postSolution
		SolutionGuid = {4310F6A7-ADC1-473F-B4F0-93122BAE6750}
	EndGlobalSection
EndGlobal
