
Microsoft Visual Studio Solution File, Format Version 12.00
# Visual Studio Version 17
VisualStudioVersion = 17.14.37614.0 d17.14
MinimumVisualStudioVersion = 10.0.40219.1
Project("{FAE04EC0-301F-11D3-BF4B-00C04F79EFBC}") = "MySerial", "MySerial.csproj", "{0173F355-CBD2-4464-9B31-93F27256762C}"
EndProject
Global
	GlobalSection(SolutionConfigurationPlatforms) = preSolution
		Debug|Any CPU = Debug|Any CPU
		Release|Any CPU = Release|Any CPU
	EndGlobalSection
	GlobalSection(ProjectConfigurationPlatforms) = postSolution
		{0173F355-CBD2-4464-9B31-93F27256762C}.Debug|Any CPU.ActiveCfg = Debug|Any CPU
		{0173F355-CBD2-4464-9B31-93F27256762C}.Debug|Any CPU.Build.0 = Debug|Any CPU
		{0173F355-CBD2-4464-9B31-93F27256762C}.Release|Any CPU.ActiveCfg = Release|Any CPU
		{0173F355-CBD2-4464-9B31-93F27256762C}.Release|Any CPU.Build.0 = Release|Any CPU
	EndGlobalSection
	GlobalSection(SolutionProperties) = preSolution
		HideSolutionNode = FALSE
	EndGlobalSection
	GlobalSection(ExtensibilityGlobals) = postSolution
		SolutionGuid = {11E172AA-2D7E-4EC1-A09D-AA5A12C659EC}
	EndGlobalSection
EndGlobal
