
Microsoft Visual Studio Solution File, Format Version 12.00
# Visual Studio Version 17
VisualStudioVersion = 17.14.37516.0 d17.14
MinimumVisualStudioVersion = 10.0.40219.1
Project("{FAE04EC0-301F-11D3-BF4B-00C04F79EFBC}") = "05week01day", "05week01day\05week01day.csproj", "{C97E3EEF-492F-47FE-914D-2620C6BE528E}"
EndProject
Global
	GlobalSection(SolutionConfigurationPlatforms) = preSolution
		Debug|Any CPU = Debug|Any CPU
		Release|Any CPU = Release|Any CPU
	EndGlobalSection
	GlobalSection(ProjectConfigurationPlatforms) = postSolution
		{C97E3EEF-492F-47FE-914D-2620C6BE528E}.Debug|Any CPU.ActiveCfg = Debug|Any CPU
		{C97E3EEF-492F-47FE-914D-2620C6BE528E}.Debug|Any CPU.Build.0 = Debug|Any CPU
		{C97E3EEF-492F-47FE-914D-2620C6BE528E}.Release|Any CPU.ActiveCfg = Release|Any CPU
		{C97E3EEF-492F-47FE-914D-2620C6BE528E}.Release|Any CPU.Build.0 = Release|Any CPU
	EndGlobalSection
	GlobalSection(SolutionProperties) = preSolution
		HideSolutionNode = FALSE
	EndGlobalSection
	GlobalSection(ExtensibilityGlobals) = postSolution
		SolutionGuid = {C1ADD801-5369-4702-A742-EBA208133472}
	EndGlobalSection
EndGlobal
