
Microsoft Visual Studio Solution File, Format Version 12.00
# Visual Studio Version 17
VisualStudioVersion = 17.14.37516.0 d17.14
MinimumVisualStudioVersion = 10.0.40219.1
Project("{FAE04EC0-301F-11D3-BF4B-00C04F79EFBC}") = "List-method", "List-method\List-method.csproj", "{F04AE425-1588-41B3-AC2E-98241044B8F9}"
EndProject
Global
	GlobalSection(SolutionConfigurationPlatforms) = preSolution
		Debug|Any CPU = Debug|Any CPU
		Release|Any CPU = Release|Any CPU
	EndGlobalSection
	GlobalSection(ProjectConfigurationPlatforms) = postSolution
		{F04AE425-1588-41B3-AC2E-98241044B8F9}.Debug|Any CPU.ActiveCfg = Debug|Any CPU
		{F04AE425-1588-41B3-AC2E-98241044B8F9}.Debug|Any CPU.Build.0 = Debug|Any CPU
		{F04AE425-1588-41B3-AC2E-98241044B8F9}.Release|Any CPU.ActiveCfg = Release|Any CPU
		{F04AE425-1588-41B3-AC2E-98241044B8F9}.Release|Any CPU.Build.0 = Release|Any CPU
	EndGlobalSection
	GlobalSection(SolutionProperties) = preSolution
		HideSolutionNode = FALSE
	EndGlobalSection
	GlobalSection(ExtensibilityGlobals) = postSolution
		SolutionGuid = {B7AB7169-FB44-4A70-AC34-30DD65D3BA1B}
	EndGlobalSection
EndGlobal
