
Microsoft Visual Studio Solution File, Format Version 12.00
# Visual Studio Version 17
VisualStudioVersion = 17.14.37614.0 d17.14
MinimumVisualStudioVersion = 10.0.40219.1
Project("{FAE04EC0-301F-11D3-BF4B-00C04F79EFBC}") = "Book_Car_systeam", "Book_Car_systeam.csproj", "{4E37F80D-EDF3-4C30-B32C-07EB5431F4E5}"
EndProject
Global
	GlobalSection(SolutionConfigurationPlatforms) = preSolution
		Debug|Any CPU = Debug|Any CPU
		Release|Any CPU = Release|Any CPU
	EndGlobalSection
	GlobalSection(ProjectConfigurationPlatforms) = postSolution
		{4E37F80D-EDF3-4C30-B32C-07EB5431F4E5}.Debug|Any CPU.ActiveCfg = Debug|Any CPU
		{4E37F80D-EDF3-4C30-B32C-07EB5431F4E5}.Debug|Any CPU.Build.0 = Debug|Any CPU
		{4E37F80D-EDF3-4C30-B32C-07EB5431F4E5}.Release|Any CPU.ActiveCfg = Release|Any CPU
		{4E37F80D-EDF3-4C30-B32C-07EB5431F4E5}.Release|Any CPU.Build.0 = Release|Any CPU
	EndGlobalSection
	GlobalSection(SolutionProperties) = preSolution
		HideSolutionNode = FALSE
	EndGlobalSection
	GlobalSection(ExtensibilityGlobals) = postSolution
		SolutionGuid = {FB8ACE94-3F71-416D-9E56-03DEC8FD2C3C}
	EndGlobalSection
EndGlobal
