
Microsoft Visual Studio Solution File, Format Version 12.00
# Visual Studio Version 17
VisualStudioVersion = 17.14.37710.0 d17.14
MinimumVisualStudioVersion = 10.0.40219.1
Project("{FAE04EC0-301F-11D3-BF4B-00C04F79EFBC}") = "RobotHand", "RobotHand.csproj", "{183378CD-CDEC-4F3B-BFBF-2FB38C906C7E}"
EndProject
Global
	GlobalSection(SolutionConfigurationPlatforms) = preSolution
		Debug|Any CPU = Debug|Any CPU
		Release|Any CPU = Release|Any CPU
	EndGlobalSection
	GlobalSection(ProjectConfigurationPlatforms) = postSolution
		{183378CD-CDEC-4F3B-BFBF-2FB38C906C7E}.Debug|Any CPU.ActiveCfg = Debug|Any CPU
		{183378CD-CDEC-4F3B-BFBF-2FB38C906C7E}.Debug|Any CPU.Build.0 = Debug|Any CPU
		{183378CD-CDEC-4F3B-BFBF-2FB38C906C7E}.Release|Any CPU.ActiveCfg = Release|Any CPU
		{183378CD-CDEC-4F3B-BFBF-2FB38C906C7E}.Release|Any CPU.Build.0 = Release|Any CPU
	EndGlobalSection
	GlobalSection(SolutionProperties) = preSolution
		HideSolutionNode = FALSE
	EndGlobalSection
	GlobalSection(ExtensibilityGlobals) = postSolution
		SolutionGuid = {CC74A36D-CA0D-40B6-8876-137BCBB55DEF}
	EndGlobalSection
EndGlobal
