
Microsoft Visual Studio Solution File, Format Version 12.00
# Visual Studio Version 17
VisualStudioVersion = 17.14.37614.0 d17.14
MinimumVisualStudioVersion = 10.0.40219.1
Project("{FAE04EC0-301F-11D3-BF4B-00C04F79EFBC}") = "07week02day", "07week02day.csproj", "{3C26E696-C816-4A14-900C-9A322A802966}"
EndProject
Global
	GlobalSection(SolutionConfigurationPlatforms) = preSolution
		Debug|Any CPU = Debug|Any CPU
		Release|Any CPU = Release|Any CPU
	EndGlobalSection
	GlobalSection(ProjectConfigurationPlatforms) = postSolution
		{3C26E696-C816-4A14-900C-9A322A802966}.Debug|Any CPU.ActiveCfg = Debug|Any CPU
		{3C26E696-C816-4A14-900C-9A322A802966}.Debug|Any CPU.Build.0 = Debug|Any CPU
		{3C26E696-C816-4A14-900C-9A322A802966}.Release|Any CPU.ActiveCfg = Release|Any CPU
		{3C26E696-C816-4A14-900C-9A322A802966}.Release|Any CPU.Build.0 = Release|Any CPU
	EndGlobalSection
	GlobalSection(SolutionProperties) = preSolution
		HideSolutionNode = FALSE
	EndGlobalSection
	GlobalSection(ExtensibilityGlobals) = postSolution
		SolutionGuid = {74E54A35-704C-48AC-942C-27484FB9AB58}
	EndGlobalSection
EndGlobal
