
Microsoft Visual Studio Solution File, Format Version 12.00
# Visual Studio Version 17
VisualStudioVersion = 17.14.37614.0 d17.14
MinimumVisualStudioVersion = 10.0.40219.1
Project("{FAE04EC0-301F-11D3-BF4B-00C04F79EFBC}") = "Test", "Test.csproj", "{C78E4C8E-C97B-4F74-A9F1-6CA4ACEF78B6}"
EndProject
Global
	GlobalSection(SolutionConfigurationPlatforms) = preSolution
		Debug|Any CPU = Debug|Any CPU
		Release|Any CPU = Release|Any CPU
	EndGlobalSection
	GlobalSection(ProjectConfigurationPlatforms) = postSolution
		{C78E4C8E-C97B-4F74-A9F1-6CA4ACEF78B6}.Debug|Any CPU.ActiveCfg = Debug|Any CPU
		{C78E4C8E-C97B-4F74-A9F1-6CA4ACEF78B6}.Debug|Any CPU.Build.0 = Debug|Any CPU
		{C78E4C8E-C97B-4F74-A9F1-6CA4ACEF78B6}.Release|Any CPU.ActiveCfg = Release|Any CPU
		{C78E4C8E-C97B-4F74-A9F1-6CA4ACEF78B6}.Release|Any CPU.Build.0 = Release|Any CPU
	EndGlobalSection
	GlobalSection(SolutionProperties) = preSolution
		HideSolutionNode = FALSE
	EndGlobalSection
	GlobalSection(ExtensibilityGlobals) = postSolution
		SolutionGuid = {53A054EC-ECEB-4798-9130-A03B037549B4}
	EndGlobalSection
EndGlobal
