
Microsoft Visual Studio Solution File, Format Version 12.00
# Visual Studio Version 17
VisualStudioVersion = 17.14.37516.0 d17.14
MinimumVisualStudioVersion = 10.0.40219.1
Project("{FAE04EC0-301F-11D3-BF4B-00C04F79EFBC}") = "test", "test\test.csproj", "{A3BF6445-328F-4B47-9F32-ADDB63DC1D1D}"
EndProject
Global
	GlobalSection(SolutionConfigurationPlatforms) = preSolution
		Debug|Any CPU = Debug|Any CPU
		Release|Any CPU = Release|Any CPU
	EndGlobalSection
	GlobalSection(ProjectConfigurationPlatforms) = postSolution
		{A3BF6445-328F-4B47-9F32-ADDB63DC1D1D}.Debug|Any CPU.ActiveCfg = Debug|Any CPU
		{A3BF6445-328F-4B47-9F32-ADDB63DC1D1D}.Debug|Any CPU.Build.0 = Debug|Any CPU
		{A3BF6445-328F-4B47-9F32-ADDB63DC1D1D}.Release|Any CPU.ActiveCfg = Release|Any CPU
		{A3BF6445-328F-4B47-9F32-ADDB63DC1D1D}.Release|Any CPU.Build.0 = Release|Any CPU
	EndGlobalSection
	GlobalSection(SolutionProperties) = preSolution
		HideSolutionNode = FALSE
	EndGlobalSection
	GlobalSection(ExtensibilityGlobals) = postSolution
		SolutionGuid = {C16C8712-8219-4633-90D1-FF9EA4734857}
	EndGlobalSection
EndGlobal
