
Microsoft Visual Studio Solution File, Format Version 12.00
# Visual Studio Version 17
VisualStudioVersion = 17.14.37516.0 d17.14
MinimumVisualStudioVersion = 10.0.40219.1
Project("{FAE04EC0-301F-11D3-BF4B-00C04F79EFBC}") = "circulate", "circulate\circulate.csproj", "{0C3A0911-9D81-4FA9-902F-05FCDEC1D838}"
EndProject
Global
	GlobalSection(SolutionConfigurationPlatforms) = preSolution
		Debug|Any CPU = Debug|Any CPU
		Release|Any CPU = Release|Any CPU
	EndGlobalSection
	GlobalSection(ProjectConfigurationPlatforms) = postSolution
		{0C3A0911-9D81-4FA9-902F-05FCDEC1D838}.Debug|Any CPU.ActiveCfg = Debug|Any CPU
		{0C3A0911-9D81-4FA9-902F-05FCDEC1D838}.Debug|Any CPU.Build.0 = Debug|Any CPU
		{0C3A0911-9D81-4FA9-902F-05FCDEC1D838}.Release|Any CPU.ActiveCfg = Release|Any CPU
		{0C3A0911-9D81-4FA9-902F-05FCDEC1D838}.Release|Any CPU.Build.0 = Release|Any CPU
	EndGlobalSection
	GlobalSection(SolutionProperties) = preSolution
		HideSolutionNode = FALSE
	EndGlobalSection
	GlobalSection(ExtensibilityGlobals) = postSolution
		SolutionGuid = {0259ADFA-2236-4730-B84C-81A66E61B6F3}
	EndGlobalSection
EndGlobal
